
Microsoft Visual Studio Solution File, Format Version 12.00
# Visual Studio 15
VisualStudioVersion = 15.0.27130.2010
MinimumVisualStudioVersion = 10.0.40219.1
Project("{FAE04EC0-301F-11D3-BF4B-00C04F79EFBC}") = "CustomButton", "CustomButton\CustomButton.csproj", "{82236FDD-FB8A-4CD8-ACF9-476E43EFA092}"
EndProject
Project("{FAE04EC0-301F-11D3-BF4B-00C04F79EFBC}") = "PLC_Sim", "PLCSim\PLC_Sim.csproj", "{A39CB3A6-5394-46BC-96CA-CB721CE94565}"
EndProject
Project("{FAE04EC0-301F-11D3-BF4B-00C04F79EFBC}") = "DataTransfer", "DataTransfer\DataTransfer.csproj", "{481AE91D-FCB0-4684-AB1B-F56C5322A0E2}"
EndProject
Project("{FAE04EC0-301F-11D3-BF4B-00C04F79EFBC}") = "DevicesInfo", "Devices\DevicesInfo.csproj", "{CE0A878D-1578-4251-9FF7-5DBFF5459E29}"
EndProject
Project("{FAE04EC0-301F-11D3-BF4B-00C04F79EFBC}") = "Hardware", "Hardware\Hardware.csproj", "{64E68BAD-97C7-4DEE-8D10-12767F868EE7}"
EndProject
Project("{FAE04EC0-301F-11D3-BF4B-00C04F79EFBC}") = "Packets", "Packets\Packets.csproj", "{96E89647-A534-47A4-B66E-17B9F5B07EBD}"
EndProject
Project("{FAE04EC0-301F-11D3-BF4B-00C04F79EFBC}") = "S7_300_Engine", "S7_300_Engine\S7_300_Engine.csproj", "{8B2A0317-4C3B-4681-A08A-0674E7624DD0}"
EndProject
Project("{FAE04EC0-301F-11D3-BF4B-00C04F79EFBC}") = "Services", "Services\Services.csproj", "{A30B07E6-5B62-4227-B487-AA2FC9F40A43}"
EndProject
Project("{FAE04EC0-301F-11D3-BF4B-00C04F79EFBC}") = "Block_sorting_system", "Block_sorting_system\Block_sorting_system.csproj", "{E8FF0B6C-BCE8-428C-BEFE-CCA4D1A587A3}"
EndProject
Global
	GlobalSection(SolutionConfigurationPlatforms) = preSolution
		Debug|Any CPU = Debug|Any CPU
		Release|Any CPU = Release|Any CPU
	EndGlobalSection
	GlobalSection(ProjectConfigurationPlatforms) = postSolution
		{82236FDD-FB8A-4CD8-ACF9-476E43EFA092}.Debug|Any CPU.ActiveCfg = Debug|Any CPU
		{82236FDD-FB8A-4CD8-ACF9-476E43EFA092}.Debug|Any CPU.Build.0 = Debug|Any CPU
		{82236FDD-FB8A-4CD8-ACF9-476E43EFA092}.Release|Any CPU.ActiveCfg = Release|Any CPU
		{82236FDD-FB8A-4CD8-ACF9-476E43EFA092}.Release|Any CPU.Build.0 = Release|Any CPU
		{A39CB3A6-5394-46BC-96CA-CB721CE94565}.Debug|Any CPU.ActiveCfg = Debug|Any CPU
		{A39CB3A6-5394-46BC-96CA-CB721CE94565}.Debug|Any CPU.Build.0 = Debug|Any CPU
		{A39CB3A6-5394-46BC-96CA-CB721CE94565}.Release|Any CPU.ActiveCfg = Release|Any CPU
		{A39CB3A6-5394-46BC-96CA-CB721CE94565}.Release|Any CPU.Build.0 = Release|Any CPU
		{481AE91D-FCB0-4684-AB1B-F56C5322A0E2}.Debug|Any CPU.ActiveCfg = Debug|Any CPU
		{481AE91D-FCB0-4684-AB1B-F56C5322A0E2}.Debug|Any CPU.Build.0 = Debug|Any CPU
		{481AE91D-FCB0-4684-AB1B-F56C5322A0E2}.Release|Any CPU.ActiveCfg = Release|Any CPU
		{481AE91D-FCB0-4684-AB1B-F56C5322A0E2}.Release|Any CPU.Build.0 = Release|Any CPU
		{CE0A878D-1578-4251-9FF7-5DBFF5459E29}.Debug|Any CPU.ActiveCfg = Debug|Any CPU
		{CE0A878D-1578-4251-9FF7-5DBFF5459E29}.Debug|Any CPU.Build.0 = Debug|Any CPU
		{CE0A878D-1578-4251-9FF7-5DBFF5459E29}.Release|Any CPU.ActiveCfg = Release|Any CPU
		{CE0A878D-1578-4251-9FF7-5DBFF5459E29}.Release|Any CPU.Build.0 = Release|Any CPU
		{64E68BAD-97C7-4DEE-8D10-12767F868EE7}.Debug|Any CPU.ActiveCfg = Debug|Any CPU
		{64E68BAD-97C7-4DEE-8D10-12767F868EE7}.Debug|Any CPU.Build.0 = Debug|Any CPU
		{64E68BAD-97C7-4DEE-8D10-12767F868EE7}.Release|Any CPU.ActiveCfg = Release|Any CPU
		{64E68BAD-97C7-4DEE-8D10-12767F868EE7}.Release|Any CPU.Build.0 = Release|Any CPU
		{96E89647-A534-47A4-B66E-17B9F5B07EBD}.Debug|Any CPU.ActiveCfg = Debug|Any CPU
		{96E89647-A534-47A4-B66E-17B9F5B07EBD}.Debug|Any CPU.Build.0 = Debug|Any CPU
		{96E89647-A534-47A4-B66E-17B9F5B07EBD}.Release|Any CPU.ActiveCfg = Release|Any CPU
		{96E89647-A534-47A4-B66E-17B9F5B07EBD}.Release|Any CPU.Build.0 = Release|Any CPU
		{8B2A0317-4C3B-4681-A08A-0674E7624DD0}.Debug|Any CPU.ActiveCfg = Debug|Any CPU
		{8B2A0317-4C3B-4681-A08A-0674E7624DD0}.Debug|Any CPU.Build.0 = Debug|Any CPU
		{8B2A0317-4C3B-4681-A08A-0674E7624DD0}.Release|Any CPU.ActiveCfg = Release|Any CPU
		{8B2A0317-4C3B-4681-A08A-0674E7624DD0}.Release|Any CPU.Build.0 = Release|Any CPU
		{A30B07E6-5B62-4227-B487-AA2FC9F40A43}.Debug|Any CPU.ActiveCfg = Debug|Any CPU
		{A30B07E6-5B62-4227-B487-AA2FC9F40A43}.Debug|Any CPU.Build.0 = Debug|Any CPU
		{A30B07E6-5B62-4227-B487-AA2FC9F40A43}.Release|Any CPU.ActiveCfg = Release|Any CPU
		{A30B07E6-5B62-4227-B487-AA2FC9F40A43}.Release|Any CPU.Build.0 = Release|Any CPU
		{E8FF0B6C-BCE8-428C-BEFE-CCA4D1A587A3}.Debug|Any CPU.ActiveCfg = Debug|Any CPU
		{E8FF0B6C-BCE8-428C-BEFE-CCA4D1A587A3}.Debug|Any CPU.Build.0 = Debug|Any CPU
		{E8FF0B6C-BCE8-428C-BEFE-CCA4D1A587A3}.Release|Any CPU.ActiveCfg = Release|Any CPU
		{E8FF0B6C-BCE8-428C-BEFE-CCA4D1A587A3}.Release|Any CPU.Build.0 = Release|Any CPU
	EndGlobalSection
	GlobalSection(SolutionProperties) = preSolution
		HideSolutionNode = FALSE
	EndGlobalSection
	GlobalSection(ExtensibilityGlobals) = postSolution
		SolutionGuid = {402A022F-CE1C-4D95-B8CE-B203C295A342}
	EndGlobalSection
EndGlobal
